{
  "version": "3",
  "remote": {
    "https://deno.land/std@0.208.0/assert/assert.ts": "9a97dad6d98c238938e7540736b826440ad8c1c1e54430ca4c4e623e585607ee",
    "https://deno.land/std@0.208.0/assert/assertion_error.ts": "4d0bde9b374dfbcbe8ac23f54f567b77024fb67dbb1906a852d67fe050d42f56",
    "https://deno.land/std@0.208.0/async/delay.ts": "a6142eb44cdd856b645086af2b811b1fcce08ec06bb7d50969e6a872ee9b8659",
    "https://deno.land/std@0.208.0/async/mux_async_iterator.ts": "63b4fbbc2fa3832408e9b2f815b38a10a839821a7ffa131f348d6d2e479c4e5c",
    "https://deno.land/std@0.208.0/cli/parse_args.ts": "9bea02050b3f302e706871ff87ecfa3ad82cc34249adbe0dcddfaac75bdb48ff",
    "https://deno.land/std@0.208.0/dotenv/mod.ts": "039468f5c87d39b69d7ca6c3d68ebca82f206ec0ff5e011d48205eea292ea5a6",
    "https://deno.land/std@0.208.0/encoding/_util.ts": "f368920189c4fe6592ab2e93bd7ded8f3065b84f95cd3e036a4a10a75649dcba",
    "https://deno.land/std@0.208.0/encoding/base64.ts": "81c0ecff5ccb402def58ca03d8bd245bd01da15a077d3362b568e991aa10f4d9",
    "https://deno.land/std@0.208.0/fmt/bytes.ts": "f29cf69e0791d375f9f5d94ae1f0641e5a03b975f32ddf86d70f70fdf37e7b6a",
    "https://deno.land/std@0.208.0/fmt/colors.ts": "34b3f77432925eb72cf0bfb351616949746768620b8e5ead66da532f93d10ba2",
    "https://deno.land/std@0.208.0/html/entities.ts": "43f208131bb847e6e222c9dd50322066491da93ed945a93d778923ef7e975398",
    "https://deno.land/std@0.208.0/http/etag.ts": "259abf65316c728660e34a100dcb07a1303c37ab6ca3d4ee068503c18b4358b0",
    "https://deno.land/std@0.208.0/http/file_server.ts": "8a2035a1130fab717a103375d85bf99b25ee27bede8d5a4b3ead2ece24de8b6e",
    "https://deno.land/std@0.208.0/http/status.ts": "dcbcc0f048ba8fad81228ac66e4a984c924a28c05701dddd20e0f005681d932f",
    "https://deno.land/std@0.208.0/media_types/_db.ts": "7606d83e31f23ce1a7968cbaee852810c2cf477903a095696cdc62eaab7ce570",
    "https://deno.land/std@0.208.0/media_types/_util.ts": "0879b04cc810ff18d3dcd97d361e03c9dfb29f67d7fc4a9c6c9d387282ef5fe8",
    "https://deno.land/std@0.208.0/media_types/content_type.ts": "a7a3cb6a2b6e81101637afcaa9884d655b4568ded84fa7e6169bb690a87ee2aa",
    "https://deno.land/std@0.208.0/media_types/format_media_type.ts": "f5e1073c05526a6f5a516ac5c5587a1abd043bf1039c71cde1166aa4328c8baf",
    "https://deno.land/std@0.208.0/media_types/get_charset.ts": "18b88274796fda5d353806bf409eb1d2ddb3f004eb4bd311662c4cdd8ac173db",
    "https://deno.land/std@0.208.0/media_types/parse_media_type.ts": "31ccf2388ffab31b49500bb89fa0f5de189c8897e2ee6c9954f207637d488211",
    "https://deno.land/std@0.208.0/media_types/vendor/mime-db.v1.52.0.ts": "6925bbcae81ca37241e3f55908d0505724358cda3384eaea707773b2c7e99586",
    "https://deno.land/std@0.208.0/path/_common/assert_path.ts": "061e4d093d4ba5aebceb2c4da3318bfe3289e868570e9d3a8e327d91c2958946",
    "https://deno.land/std@0.208.0/path/_common/constants.ts": "e49961f6f4f48039c0dfed3c3f93e963ca3d92791c9d478ac5b43183413136e0",
    "https://deno.land/std@0.208.0/path/_common/dirname.ts": "2ba7fb4cc9fafb0f38028f434179579ce61d4d9e51296fad22b701c3d3cd7397",
    "https://deno.land/std@0.208.0/path/_common/from_file_url.ts": "ef1bf3197d2efbf0297a2bdbf3a61d804b18f2bcce45548ae112313ec5be3c22",
    "https://deno.land/std@0.208.0/path/_common/normalize.ts": "2ba7fb4cc9fafb0f38028f434179579ce61d4d9e51296fad22b701c3d3cd7397",
    "https://deno.land/std@0.208.0/path/_common/normalize_string.ts": "88c472f28ae49525f9fe82de8c8816d93442d46a30d6bb5063b07ff8a89ff589",
    "https://deno.land/std@0.208.0/path/_common/relative.ts": "1af19d787a2a84b8c534cc487424fe101f614982ae4851382c978ab2216186b4",
    "https://deno.land/std@0.208.0/path/_common/strip_trailing_separators.ts": "7ffc7c287e97bdeeee31b155828686967f222cd73f9e5780bfe7dfb1b58c6c65",
    "https://deno.land/std@0.208.0/path/_common/to_file_url.ts": "a8cdd1633bc9175b7eebd3613266d7c0b6ae0fb0cff24120b6092ac31662f9ae",
    "https://deno.land/std@0.208.0/path/_interface.ts": "6471159dfbbc357e03882c2266d21ef9afdb1e4aa771b0545e90db58a0ba314b",
    "https://deno.land/std@0.208.0/path/_os.ts": "30b0c2875f360c9296dbe6b7f2d528f0f9c741cecad2e97f803f5219e91b40a2",
    "https://deno.land/std@0.208.0/path/extname.ts": "2da4e2490f3b48b7121d19fb4c91681a5e11bd6bd99df4f6f47d7a71bb6ecdf2",
    "https://deno.land/std@0.208.0/path/from_file_url.ts": "e7fa233ea1dff9641e8d566153a24d95010110185a6f418dd2e32320926043f8",
    "https://deno.land/std@0.208.0/path/join.ts": "98d3d76c819af4a11a81d5ba2dbb319f1ce9d63fc2b615597d4bcfddd4a89a09",
    "https://deno.land/std@0.208.0/path/parse.ts": "d87ff0deef3fb495bc0d862278ff96da5a06acf0625ca27769fc52ac0d3d6ece",
    "https://deno.land/std@0.208.0/path/posix/_util.ts": "ecf49560fedd7dd376c6156cc5565cad97c1abe9824f4417adebc7acc36c93e5",
    "https://deno.land/std@0.208.0/path/posix/dirname.ts": "f48c9c42cc670803b505478b7ef162c7cfa9d8e751b59d278b2ec59470531472",
    "https://deno.land/std@0.208.0/path/posix/extname.ts": "ee7f6571a9c0a37f9218fbf510c440d1685a7c13082c348d701396cc795e0be0",
    "https://deno.land/std@0.208.0/path/posix/from_file_url.ts": "b97287a83e6407ac27bdf3ab621db3fccbf1c27df0a1b1f20e1e1b5acf38a379",
    "https://deno.land/std@0.208.0/path/posix/is_absolute.ts": "159900a3422d11069d48395568217eb7fc105ceda2683d03d9b7c0f0769e01b8",
    "https://deno.land/std@0.208.0/path/posix/join.ts": "0c0d84bdc344876930126640011ec1b888e6facf74153ffad9ef26813aa2a076",
    "https://deno.land/std@0.208.0/path/posix/normalize.ts": "11de90a94ab7148cc46e5a288f7d732aade1d616bc8c862f5560fa18ff987b4b",
    "https://deno.land/std@0.208.0/path/posix/parse.ts": "199208f373dd93a792e9c585352bfc73a6293411bed6da6d3bc4f4ef90b04c8e",
    "https://deno.land/std@0.208.0/path/posix/relative.ts": "e2f230608b0f083e6deaa06e063943e5accb3320c28aef8d87528fbb7fe6504c",
    "https://deno.land/std@0.208.0/path/posix/resolve.ts": "51579d83159d5c719518c9ae50812a63959bbcb7561d79acbdb2c3682236e285",
    "https://deno.land/std@0.208.0/path/posix/to_file_url.ts": "08d43ea839ee75e9b8b1538376cfe95911070a655cd312bc9a00f88ef14967b6",
    "https://deno.land/std@0.208.0/path/relative.ts": "23d45ede8b7ac464a8299663a43488aad6b561414e7cbbe4790775590db6349c",
    "https://deno.land/std@0.208.0/path/resolve.ts": "5b184efc87155a0af9fa305ff68a109e28de9aee81fc3e77cd01380f19daf867",
    "https://deno.land/std@0.208.0/path/separator.ts": "40a3e9a4ad10bef23bc2cd6c610291b6c502a06237c2c4cd034a15ca78dedc1f",
    "https://deno.land/std@0.208.0/path/to_file_url.ts": "edaafa089e0bce386e1b2d47afe7c72e379ff93b28a5829a5885e4b6c626d864",
    "https://deno.land/std@0.208.0/path/windows/_util.ts": "f32b9444554c8863b9b4814025c700492a2b57ff2369d015360970a1b1099d54",
    "https://deno.land/std@0.208.0/path/windows/from_file_url.ts": "d53335c12b0725893d768be3ac6bf0112cc5b639d2deb0171b35988493b46199",
    "https://deno.land/std@0.208.0/path/windows/is_absolute.ts": "245b56b5f355ede8664bd7f080c910a97e2169972d23075554ae14d73722c53c",
    "https://deno.land/std@0.208.0/path/windows/join.ts": "e6600bf88edeeef4e2276e155b8de1d5dec0435fd526ba2dc4d37986b2882f16",
    "https://deno.land/std@0.208.0/path/windows/normalize.ts": "9deebbf40c81ef540b7b945d4ccd7a6a2c5a5992f791e6d3377043031e164e69",
    "https://deno.land/std@0.208.0/path/windows/parse.ts": "120faf778fe1f22056f33ded069b68e12447668fcfa19540c0129561428d3ae5",
    "https://deno.land/std@0.208.0/path/windows/relative.ts": "026855cd2c36c8f28f1df3c6fbd8f2449a2aa21f48797a74700c5d872b86d649",
    "https://deno.land/std@0.208.0/path/windows/resolve.ts": "5ff441ab18a2346abadf778121128ee71bda4d0898513d4639a6ca04edca366b",
    "https://deno.land/std@0.208.0/path/windows/to_file_url.ts": "8e9ea9e1ff364aa06fa72999204229952d0a279dbb876b7b838b2b2fea55cce3",
    "https://deno.land/std@0.208.0/streams/byte_slice_stream.ts": "c46d7c74836fc8c1a9acd9fe211cbe1bbaaee1b36087c834fb03af4991135c3a",
    "https://deno.land/std@0.208.0/version.ts": "a3207ea06bba42f09c7c7ab46590b202c98366f26d2ae31622a4839257dbc790",
    "https://deno.land/x/http_fns@v0.1.0/lib/as_serializable_pattern.ts": "2fafc0052f8914327007ed12af4cd05cc68009467db0e5f3eb3ccbc036964480",
    "https://deno.land/x/http_fns@v0.1.0/lib/as_url_pattern.ts": "d4ce6a4b170ef35e4252a77a14c910287599c892bb0630e2740ad4becd235db0",
    "https://deno.land/x/http_fns@v0.1.0/lib/by_method.ts": "56844d175fe8b0aa2790332beeeddd78e129253bf9cf143b879dda6a7130797c",
    "https://deno.land/x/http_fns@v0.1.0/lib/by_pattern.ts": "d86e5baeb6e6b651d8444e5838448d841a9e7333cb3e57e1737574973a1f9567",
    "https://deno.land/x/http_fns@v0.1.0/lib/cascade.ts": "1790cc5b667fd7edbbb2125b3428167c8876eadcfcfbacf70efb7e6456f214c8",
    "https://deno.land/x/http_fns@v0.1.0/lib/discover_routes.ts": "865617d32169ebe8f2ef6caf97a4529d0dc83c70bd17b751ddb4186429015884",
    "https://deno.land/x/http_fns@v0.1.0/lib/generate_routes_module.ts": "57f2a64677d39fcd5de680904f79c0e6fb4ac512a3b0dad617cfdd4d1b861c55",
    "https://deno.land/x/http_fns@v0.1.0/lib/handle.ts": "2e82a4525c707c566fbff16c3b1d8728d524e8e6073289a370552d05e0e8da7f",
    "https://deno.land/x/http_fns@v0.1.0/lib/hosting/init_deploy.ts": "25428befc36324bb4b3ec411bc3d42dc1cfd7723c9f30e000c644cc43bd53430",
    "https://deno.land/x/http_fns@v0.1.0/lib/hosting/init_localhost.ts": "3f36a9dd024b696eafc7c265c42ace45cd7ec26fd4c6f12f0f6abfdd3ba18041",
    "https://deno.land/x/http_fns@v0.1.0/lib/intercept.ts": "c018221041cac08ba75567291f7a79e9052cbf3a59516787f5311bc0b357b1c7",
    "https://deno.land/x/http_fns@v0.1.0/lib/lazy.ts": "f0dc11a4f0ac624fa5d305a13e819cf1382b2ef5e6e02e7838c502cf769b164e",
    "https://deno.land/x/http_fns@v0.1.0/lib/load_key_and_cert.ts": "63124fb812f6c1ffdbdca054131005bf027cc5f8a7f28f9c8070e15fdc1c813f",
    "https://deno.land/x/http_fns@v0.1.0/lib/logger.ts": "606c9347e4bc62b036136e98506c70247272fa61b3b6d419ce1d5b2f1cfb30dd",
    "https://deno.land/x/http_fns@v0.1.0/lib/map_data.ts": "7ca9d7e52a571ee504434c5d5bbb2d9c342b78fccb7cc0b8cb2342fdc25df13e",
    "https://deno.land/x/http_fns@v0.1.0/lib/port.ts": "0ccefe1e6bdf9a3b5727eeb6246f39ea0ee40b0edd561f58fb1b3580f64b3380",
    "https://deno.land/x/http_fns@v0.1.0/lib/request/body_as_object.ts": "bea74c497dae9c1d39c7cd104020d394ae2de4be861a3dda727bd827e84a31b6",
    "https://deno.land/x/http_fns@v0.1.0/lib/request/search_values.ts": "a8dd92a7e3da538abbc8da7153a840c3f3c8658c9a867c9beec81c0602140007",
    "https://deno.land/x/http_fns@v0.1.0/lib/response/bad_request.ts": "b34ba9c64ba00971add21b6a3d6f226283c91ec0b3e7b16f17cd277ca6b6db42",
    "https://deno.land/x/http_fns@v0.1.0/lib/response/forbidden.ts": "08870d3fef6549e26560ce222483b112351870d3731381564b83072abb5e4672",
    "https://deno.land/x/http_fns@v0.1.0/lib/response/method_not_allowed.ts": "28c5a181a88b8a187a8bbfe9688b68841dca02ae9e07f4e7f910ab15522d20c0",
    "https://deno.land/x/http_fns@v0.1.0/lib/response/no_content.ts": "bf8b10b7c301e1d2aedafb33023a64b62e6294f76eca4d332f34aaffbc90c829",
    "https://deno.land/x/http_fns@v0.1.0/lib/response/not_found.ts": "976749d3abd50008fb90ca056101603697ef845d534bbfc74bc8bec01c6b74b9",
    "https://deno.land/x/http_fns@v0.1.0/lib/response/plain_error.ts": "0e1b332c4ab815f03273987a29572835aa884db13eeec2866b31ee292da90ef4",
    "https://deno.land/x/http_fns@v0.1.0/lib/response/replace_body.ts": "d5b5468f944b6ab3b42ae792e63746d1b4877e5baed87178d13db527c06262fc",
    "https://deno.land/x/http_fns@v0.1.0/lib/server_url.ts": "9014aa2b38a21495108b43f273b974f843e06588c689ea1702328145fc996694",
    "https://deno.land/x/http_fns@v0.1.0/lib/static_route.ts": "a75eb22ba91d33ad82c3ca82ec7f29e14b52f95cf55b16a7a8dacd466c63d479",
    "https://deno.land/x/http_fns@v0.1.0/lib/types.ts": "118983eb5863f31a469154c5f96de51e35580ca77c06e1b30b0614666e5e1898",
    "https://deno.land/x/http_fns@v0.1.0/lib/with_fallback.ts": "a923f06e2aa79f92a1b03afbde52996ff86f274d4a6d7dcc91e9dda8440340e0",
    "https://deno.land/x/http_render_fns@v0.1.0/lib/render_html.tsx": "f607c91a426883f0e966d8b3565a97a5b11fe8f0f0b557f3bbf5d4570b02cb96",
    "https://deno.land/x/jsx_stream@v0.0.13/_internal/awaited_props.ts": "13962458748e8a441b136c633114f976be2c42df66c4422b4c61e6dd8251da6e",
    "https://deno.land/x/jsx_stream@v0.0.13/_internal/defer.ts": "a61a82f73976e1cb8c44873cc7a24ae530186da13a592a9ee7c7a4462db54f5f",
    "https://deno.land/x/jsx_stream@v0.0.13/_internal/stream_component.ts": "4489891278404ed6de6fa0df74c665d531e38cab167c3c63e552a129a77ff5e0",
    "https://deno.land/x/jsx_stream@v0.0.13/_internal/stream_element.ts": "37951833354097447156d45ac289b35869240ee3901d75931e25f40b6c41418d",
    "https://deno.land/x/jsx_stream@v0.0.13/_internal/stream_fragment.ts": "065887be0a8ba4261eaabc0aee3c711ea4436291273c0f107eacaafe2b69cf27",
    "https://deno.land/x/jsx_stream@v0.0.13/_internal/stream_node.ts": "7545d958258d72937e79d91665d1f692975079c73a25f4fe59187f951a41241f",
    "https://deno.land/x/jsx_stream@v0.0.13/_internal/stream_unknown.ts": "dcf4e65a48572202d52607572dd5b3f5eae4f6fddbb8b816d533c2a9b4ce1cf5",
    "https://deno.land/x/jsx_stream@v0.0.13/_internal/token.ts": "d4dadc453d1e46ba22f958bc06db5c099745b8e9092376caf46e0c4c85f88677",
    "https://deno.land/x/jsx_stream@v0.0.13/_internal/util.ts": "562547925032be238b9d3ee9ee2ee1c24596407b4810a6d0be2456823b060203",
    "https://deno.land/x/jsx_stream@v0.0.13/guards.ts": "3e5ce9fe6bdeec7cdc5c219e9acb3c0215f3bc22712b36b54b833796c7d8f166",
    "https://deno.land/x/jsx_stream@v0.0.13/jsx-runtime.ts": "ee5fc1ac6fd9a75fc570baaa4d6dad8d9a59cfe4dea2bfeebd52918acf5fa8ca",
    "https://deno.land/x/jsx_stream@v0.0.13/serialize.ts": "7bebdaf27d96e6ebb61afdf9f8141625534b7500db7cf90438c95bd3ba7bbfc2",
    "https://deno.land/x/jsx_stream@v0.0.13/types.ts": "ea2b841aec2d06e95f240446b53df974ed2efb3884311a992530fd07db29226e"
  }
}
