{
  "version": "2",
  "remote": {
    "https://deno.land/std@0.182.0/_util/asserts.ts": "178dfc49a464aee693a7e285567b3d0b555dc805ff490505a8aae34f9cfb1462",
    "https://deno.land/std@0.182.0/_util/os.ts": "d932f56d41e4f6a6093d56044e29ce637f8dcc43c5a90af43504a889cf1775e3",
    "https://deno.land/std@0.182.0/async/abortable.ts": "fd682fa46f3b7b16b4606a5ab52a7ce309434b76f820d3221bdfb862719a15d7",
    "https://deno.land/std@0.182.0/async/deadline.ts": "c5facb0b404eede83e38bd2717ea8ab34faa2ffb20ef87fd261fcba32ba307aa",
    "https://deno.land/std@0.182.0/async/debounce.ts": "adab11d04ca38d699444ac8a9d9856b4155e8dda2afd07ce78276c01ea5a4332",
    "https://deno.land/std@0.182.0/async/deferred.ts": "42790112f36a75a57db4a96d33974a936deb7b04d25c6084a9fa8a49f135def8",
    "https://deno.land/std@0.182.0/async/delay.ts": "73aa04cec034c84fc748c7be49bb15cac3dd43a57174bfdb7a4aec22c248f0dd",
    "https://deno.land/std@0.182.0/async/mod.ts": "f04344fa21738e5ad6bea37a6bfffd57c617c2d372bb9f9dcfd118a1b622e576",
    "https://deno.land/std@0.182.0/async/mux_async_iterator.ts": "70c7f2ee4e9466161350473ad61cac0b9f115cff4c552eaa7ef9d50c4cbb4cc9",
    "https://deno.land/std@0.182.0/async/pool.ts": "fd082bd4aaf26445909889435a5c74334c017847842ec035739b4ae637ae8260",
    "https://deno.land/std@0.182.0/async/retry.ts": "dd19d93033d8eaddbfcb7654c0366e9d3b0a21448bdb06eba4a7d8a8cf936a92",
    "https://deno.land/std@0.182.0/async/tee.ts": "47e42d35f622650b02234d43803d0383a89eb4387e1b83b5a40106d18ae36757",
    "https://deno.land/std@0.182.0/collections/_utils.ts": "5114abc026ddef71207a79609b984614e66a63a4bda17d819d56b0e72c51527e",
    "https://deno.land/std@0.182.0/collections/deep_merge.ts": "5a8ed29030f4471a5272785c57c3455fa79697b9a8f306013a8feae12bafc99a",
    "https://deno.land/std@0.182.0/collections/sort_by.ts": "1202915ce874f76369109c75cf5fe34c90f2e6943f34bbbedde9d26e5785cef6",
    "https://deno.land/std@0.182.0/crypto/_fnv/fnv32.ts": "e4649dfdefc5c987ed53c3c25db62db771a06d9d1b9c36d2b5cf0853b8e82153",
    "https://deno.land/std@0.182.0/crypto/_fnv/fnv64.ts": "bfa0e4702061fdb490a14e6bf5f9168a22fb022b307c5723499469bfefca555e",
    "https://deno.land/std@0.182.0/crypto/_fnv/mod.ts": "f956a95f58910f223e420340b7404702ecd429603acd4491fa77af84f746040c",
    "https://deno.land/std@0.182.0/crypto/_fnv/util.ts": "accba12bfd80a352e32a872f87df2a195e75561f1b1304a4cb4f5a4648d288f9",
    "https://deno.land/std@0.182.0/crypto/_util.ts": "0522d1466e3c92df84cea94da85dbb7bd93e629dacb2aa5b39cab432ab7cb3d6",
    "https://deno.land/std@0.182.0/crypto/_wasm/lib/deno_std_wasm_crypto.generated.mjs": "bdd70a6183c6bdabc086ec2a5f828c86711b4201f1ba7954fc78385a664e8fae",
    "https://deno.land/std@0.182.0/crypto/_wasm/mod.ts": "e2df88236fc061eac7a89e8cb0b97843f5280b08b2a990e473b7397a3e566003",
    "https://deno.land/std@0.182.0/crypto/crypto.ts": "051d941627f1b6da0d5151d744e6c94658cdf43bfe14621610f0d7268f52b05f",
    "https://deno.land/std@0.182.0/crypto/keystack.ts": "877ab0f19eb7d37ad6495190d3c3e39f58e9c52e0b6a966f82fd6df67ca55f90",
    "https://deno.land/std@0.182.0/crypto/mod.ts": "ae384519e85eca9aeff4e7111ed153df8f3dbda7b35b70850ed4b3e9c8cec4d5",
    "https://deno.land/std@0.182.0/crypto/timing_safe_equal.ts": "0fae34ee02264f309ae0b6e54e9746a7aba3996e5454903ed106967a7a9ef665",
    "https://deno.land/std@0.182.0/crypto/to_hash_string.ts": "6927c768f3e373a1be4a31555a45ccecf7bd413105455cc334ad3f908cfa986f",
    "https://deno.land/std@0.182.0/encoding/base64.ts": "144ae6234c1fbe5b68666c711dc15b1e9ee2aef6d42b3b4345bf9a6c91d70d0d",
    "https://deno.land/std@0.182.0/encoding/base64url.ts": "2ed4ba122b20fedf226c5d337cf22ee2024fa73a8f85d915d442af7e9ce1fae1",
    "https://deno.land/std@0.182.0/encoding/hex.ts": "b4b1a7cb678745b0bf181ed8cf2498c7be00d121a7de244b752fbf9c7d9c48cd",
    "https://deno.land/std@0.182.0/flags/mod.ts": "4d829c5bd1d657799cdeb487c6e418960efc6f4d8ce6cadc38a54b9ce266160a",
    "https://deno.land/std@0.182.0/fmt/colors.ts": "d67e3cd9f472535241a8e410d33423980bec45047e343577554d3356e1f0ef4e",
    "https://deno.land/std@0.182.0/http/file_server.ts": "77b96eca4096dad40766b2ddbca011309934f725d448444852212ff3f84fc5dc",
    "https://deno.land/std@0.182.0/http/http_status.ts": "8a7bcfe3ac025199ad804075385e57f63d055b2aed539d943ccc277616d6f932",
    "https://deno.land/std@0.182.0/http/server.ts": "cbb17b594651215ba95c01a395700684e569c165a567e4e04bba327f41197433",
    "https://deno.land/std@0.182.0/http/util.ts": "1d3db42dcc6d5518ae3980bf70a4f79b28c896dd0ec6d34c7b4a8eb0b378de12",
    "https://deno.land/std@0.182.0/media_types/_db.ts": "7606d83e31f23ce1a7968cbaee852810c2cf477903a095696cdc62eaab7ce570",
    "https://deno.land/std@0.182.0/media_types/_util.ts": "916efbd30b6148a716f110e67a4db29d6949bf4048997b754415dd7e42c52378",
    "https://deno.land/std@0.182.0/media_types/content_type.ts": "ad98a5aa2d95f5965b2796072284258710a25e520952376ed432b0937ce743bc",
    "https://deno.land/std@0.182.0/media_types/format_media_type.ts": "f5e1073c05526a6f5a516ac5c5587a1abd043bf1039c71cde1166aa4328c8baf",
    "https://deno.land/std@0.182.0/media_types/get_charset.ts": "18b88274796fda5d353806bf409eb1d2ddb3f004eb4bd311662c4cdd8ac173db",
    "https://deno.land/std@0.182.0/media_types/parse_media_type.ts": "835c4112e1357e95b4f10d7cdea5ae1801967e444f48673ff8f1cb4d32af9920",
    "https://deno.land/std@0.182.0/media_types/type_by_extension.ts": "daa801eb0f11cdf199445d0f1b656cf116d47dcf9e5b85cc1e6b4469f5ee0432",
    "https://deno.land/std@0.182.0/media_types/vendor/mime-db.v1.52.0.ts": "6925bbcae81ca37241e3f55908d0505724358cda3384eaea707773b2c7e99586",
    "https://deno.land/std@0.182.0/path/_constants.ts": "e49961f6f4f48039c0dfed3c3f93e963ca3d92791c9d478ac5b43183413136e0",
    "https://deno.land/std@0.182.0/path/_interface.ts": "6471159dfbbc357e03882c2266d21ef9afdb1e4aa771b0545e90db58a0ba314b",
    "https://deno.land/std@0.182.0/path/_util.ts": "d7abb1e0dea065f427b89156e28cdeb32b045870acdf865833ba808a73b576d0",
    "https://deno.land/std@0.182.0/path/common.ts": "ee7505ab01fd22de3963b64e46cff31f40de34f9f8de1fff6a1bd2fe79380000",
    "https://deno.land/std@0.182.0/path/glob.ts": "d479e0a695621c94d3fd7fe7abd4f9499caf32a8de13f25073451c6ef420a4e1",
    "https://deno.land/std@0.182.0/path/mod.ts": "bf718f19a4fdd545aee1b06409ca0805bd1b68ecf876605ce632e932fe54510c",
    "https://deno.land/std@0.182.0/path/posix.ts": "8b7c67ac338714b30c816079303d0285dd24af6b284f7ad63da5b27372a2c94d",
    "https://deno.land/std@0.182.0/path/separator.ts": "0fb679739d0d1d7bf45b68dacfb4ec7563597a902edbaf3c59b50d5bcadd93b1",
    "https://deno.land/std@0.182.0/path/win32.ts": "d186344e5583bcbf8b18af416d13d82b35a317116e6460a5a3953508c3de5bba",
    "https://deno.land/std@0.182.0/version.ts": "7f2046127ed68ddc1a7c987abd01a4f3cbadc6a6712e8066344aa77e3eb48121",
    "https://deno.land/x/http_fns@v0.0.7/cascade.ts": "d78aa0aabb06632d5942a9e7a409e612d87b45af87f38efc97dec04398abffb7",
    "https://deno.land/x/http_fns@v0.0.7/fallback.ts": "18a176b849f29441af61248adf7f3f6c856435d5c0f910026122039ea3e66a32",
    "https://deno.land/x/http_fns@v0.0.7/generate.ts": "242e581e13df58eab9c134bc9cd52b9a296a273c2a81cfe7db5ddcf004520d40",
    "https://deno.land/x/http_fns@v0.0.7/handle.ts": "c0a56aab398b44825ac9f6399ee2a507cca3bd3292fe29db268b43a555a43211",
    "https://deno.land/x/http_fns@v0.0.7/intercept.ts": "b99767878f12ded06cdd3ac878b889714aadb391ddf0834c3a972f895ec20d17",
    "https://deno.land/x/http_fns@v0.0.7/logger.ts": "79ed24a3547d6e6af0b0e68797084d410fed025dcf8602a14f19fe8a36a318da",
    "https://deno.land/x/http_fns@v0.0.7/map.ts": "3c65858487cdb3ad0ff757a99f8ea3218ead9ce3cad05d088ade7816fc1dd304",
    "https://deno.land/x/http_fns@v0.0.7/method.ts": "769f27597b4f8c1cf9633ef743c20f0e67dc2415acba8c7662a5712c242974b3",
    "https://deno.land/x/http_fns@v0.0.7/pattern.ts": "b8fe52ec2082f63e35582f7319b36772577d7b8cf9d9202616f45ff5c68d7dda",
    "https://deno.land/x/http_fns@v0.0.7/port.ts": "0ccefe1e6bdf9a3b5727eeb6246f39ea0ee40b0edd561f58fb1b3580f64b3380",
    "https://deno.land/x/http_fns@v0.0.7/request.ts": "ab1bee68dc54627c6c02a4acf2ae4d4b421cdfbe7edcfcd066cbcd01ed7e8ff4",
    "https://deno.land/x/http_fns@v0.0.7/response.ts": "b93efc60273239668a0cb7b4e75a99178f6b4475be28de934703058c5067e312",
    "https://deno.land/x/http_fns@v0.0.7/static.ts": "78090fe5b6cad0b47ed392d9c92d9b978c90cf8b26fabb1d5ce5c860226157bf",
    "https://deno.land/x/http_fns@v0.0.7/types.ts": "265d4cbd2ccab027201b4c6a1d70ab03ab5fb6f666040807728915a3fd31051b",
    "https://deno.land/x/http_fns@v0.0.7/walk.ts": "7d8bcf5c406610dc4e3abcfcc967c5da1c3e5c191d76a4b3b18d85d2fb7327dc",
    "https://deno.land/x/http_render_fns@v0.0.1/jsx_preact/jsx-runtime.ts": "0eb7600ce73e4cef21dc64f37d4e7bc6c369884411c157d59acdd9ccfb599d70",
    "https://deno.land/x/http_render_fns@v0.0.1/jsx_preact/serialize.ts": "3b53122c762e1c4e50cba0b518cc1363f202675138584c0de02bf4e0e2b78caa",
    "https://deno.land/x/http_render_fns@v0.0.1/jsx_preact/types.ts": "ca588a1a949e82828755f3bbe6e25d047c6ab9e4371e770d8d206f4fc9d82e63",
    "https://deno.land/x/http_render_fns@v0.0.1/render_html.tsx": "019291958a3de79fb3388a6d73c92ddbde549bcdea2c508e652b86a461a808da",
    "https://deno.land/x/http_render_fns@v0.0.1/response.ts": "33a033e3f0a599b9a35d0264a31bd0dd271a1e056c92f28ff8cae71b49fdc6b9",
    "https://esm.sh/*preact-render-to-string@6.0.2": "4b7ba7733e538740baa97ab94da6cb002e7fdc4cbe7cc6685698733f7ce76e0c",
    "https://esm.sh/*preact@10.13.2/jsx-runtime": "210358188111aff4c83f9bcba94304819b89e565d07430c5655d0ac720f22f03",
    "https://esm.sh/preact@10.13.2": "5ebf0838bbc3c32fc6e78a4cd9dd672f2c36386d0595815d721a6b0941278488",
    "https://esm.sh/stable/preact@10.13.2/deno/jsx-runtime.js": "dd40c5bdfe7b277bf51009fb950c550dfb554b6d56a1b3a4cb9bc12bde84bcd1",
    "https://esm.sh/stable/preact@10.13.2/deno/preact.mjs": "365fab897381f4f403f859c5d12939084560545567108cc90dae901bbe892578",
    "https://esm.sh/v114/preact-render-to-string@6.0.2/X-ZS8q/deno/preact-render-to-string.mjs": "dbd5e3a62c821978480947a5988ba1c6725a12e502f21b2d45da0104ec810df2",
    "https://esm.sh/v114/preact-render-to-string@6.0.2/X-ZS8q/src/index.d.ts": "b8fafa9f8ae9069eff148da320ed56acd5c3c95112c5e03d4796e15ac76b974c",
    "https://esm.sh/v114/preact@10.13.2/jsx-runtime/src/index.d.ts": "e153460ed2b3fe2ad8b93696ecd48fbf73cd628b0b0ea6692b71804a3af69dfd",
    "https://esm.sh/v114/preact@10.13.2/src/index.d.ts": "65398710de6aa0a07412da79784e05e6e96763f51c7c91b77344d2d0af06385c",
    "https://esm.sh/v114/preact@10.13.2/src/jsx.d.ts": "9ac9b82c199fa7b04748807d750eba1a106c0be52041b8617416f88d6fc0a257"
  }
}
