{
  "version": "2",
  "remote": {
    "https://deno.land/std@0.200.0/_util/os.ts": "d932f56d41e4f6a6093d56044e29ce637f8dcc43c5a90af43504a889cf1775e3",
    "https://deno.land/std@0.200.0/assert/assert.ts": "9a97dad6d98c238938e7540736b826440ad8c1c1e54430ca4c4e623e585607ee",
    "https://deno.land/std@0.200.0/assert/assertion_error.ts": "4d0bde9b374dfbcbe8ac23f54f567b77024fb67dbb1906a852d67fe050d42f56",
    "https://deno.land/std@0.200.0/async/deferred.ts": "42790112f36a75a57db4a96d33974a936deb7b04d25c6084a9fa8a49f135def8",
    "https://deno.land/std@0.200.0/async/delay.ts": "a6142eb44cdd856b645086af2b811b1fcce08ec06bb7d50969e6a872ee9b8659",
    "https://deno.land/std@0.200.0/async/mux_async_iterator.ts": "70c7f2ee4e9466161350473ad61cac0b9f115cff4c552eaa7ef9d50c4cbb4cc9",
    "https://deno.land/std@0.200.0/collections/_utils.ts": "5114abc026ddef71207a79609b984614e66a63a4bda17d819d56b0e72c51527e",
    "https://deno.land/std@0.200.0/collections/deep_merge.ts": "9db788ba56cb05b65c77166b789e58e125dff159b7f41bf4d19dc1cba19ecb8b",
    "https://deno.land/std@0.200.0/encoding/base64.ts": "144ae6234c1fbe5b68666c711dc15b1e9ee2aef6d42b3b4345bf9a6c91d70d0d",
    "https://deno.land/std@0.200.0/flags/mod.ts": "a5ac18af6583404f21ea03771f8816669d901e0ff4374020870334d6f61d73d5",
    "https://deno.land/std@0.200.0/fmt/bytes.ts": "f29cf69e0791d375f9f5d94ae1f0641e5a03b975f32ddf86d70f70fdf37e7b6a",
    "https://deno.land/std@0.200.0/fmt/colors.ts": "a7eecffdf3d1d54db890723b303847b6e0a1ab4b528ba6958b8f2e754cf1b3bc",
    "https://deno.land/std@0.200.0/html/entities.ts": "43f208131bb847e6e222c9dd50322066491da93ed945a93d778923ef7e975398",
    "https://deno.land/std@0.200.0/http/etag.ts": "807382795850cde5c437c74bcc09392bc0fc56de348fc1271f383f4b28935b9f",
    "https://deno.land/std@0.200.0/http/file_server.ts": "6f5c4a28c36995f31544abb49b86bee6e7a2d34664cac3936ff08ccad1682d85",
    "https://deno.land/std@0.200.0/http/http_status.ts": "8a7bcfe3ac025199ad804075385e57f63d055b2aed539d943ccc277616d6f932",
    "https://deno.land/std@0.200.0/http/method.ts": "e66c2a015cb46c21ab0bb3589aa4fca43143a506cb324ffdfd42d2edef7bc0c4",
    "https://deno.land/std@0.200.0/http/util.ts": "4cf044067febaa26d0830e356b0f3a5f76d701a60d7ff7a516fad7b192f4c3a7",
    "https://deno.land/std@0.200.0/media_types/_db.ts": "7606d83e31f23ce1a7968cbaee852810c2cf477903a095696cdc62eaab7ce570",
    "https://deno.land/std@0.200.0/media_types/_util.ts": "916efbd30b6148a716f110e67a4db29d6949bf4048997b754415dd7e42c52378",
    "https://deno.land/std@0.200.0/media_types/content_type.ts": "ad98a5aa2d95f5965b2796072284258710a25e520952376ed432b0937ce743bc",
    "https://deno.land/std@0.200.0/media_types/format_media_type.ts": "f5e1073c05526a6f5a516ac5c5587a1abd043bf1039c71cde1166aa4328c8baf",
    "https://deno.land/std@0.200.0/media_types/get_charset.ts": "18b88274796fda5d353806bf409eb1d2ddb3f004eb4bd311662c4cdd8ac173db",
    "https://deno.land/std@0.200.0/media_types/parse_media_type.ts": "8cb0144385c555c9ce81881b7cee3fbb746f23b4af988fecdb7bd01ef8cc35b1",
    "https://deno.land/std@0.200.0/media_types/type_by_extension.ts": "daa801eb0f11cdf199445d0f1b656cf116d47dcf9e5b85cc1e6b4469f5ee0432",
    "https://deno.land/std@0.200.0/media_types/vendor/mime-db.v1.52.0.ts": "6925bbcae81ca37241e3f55908d0505724358cda3384eaea707773b2c7e99586",
    "https://deno.land/std@0.200.0/path/_constants.ts": "e49961f6f4f48039c0dfed3c3f93e963ca3d92791c9d478ac5b43183413136e0",
    "https://deno.land/std@0.200.0/path/_extname.ts": "eaaa5aae1acf1f03254d681bd6a8ce42a9cb5b7ff2213a9d4740e8ab31283664",
    "https://deno.land/std@0.200.0/path/_from_file_url.ts": "7e4e5626089785adddb061f1b9f4932d6b21c7df778e7449531a11e32048245c",
    "https://deno.land/std@0.200.0/path/_join.ts": "fd78555bc34d5f188918fc7018dfe8fe2df5bbad94a3b30a433666c03934d77f",
    "https://deno.land/std@0.200.0/path/_normalize.ts": "a19ec8706b2707f9dd974662a5cd89fad438e62ab1857e08b314a8eb49a34d81",
    "https://deno.land/std@0.200.0/path/_relative.ts": "27bdeffb5311a47d85be26d37ad1969979359f7636c5cd9fcf05dcd0d5099dc5",
    "https://deno.land/std@0.200.0/path/_resolve.ts": "7a3616f1093735ed327e758313b79c3c04ea921808ca5f19ddf240cb68d0adf6",
    "https://deno.land/std@0.200.0/path/_util.ts": "4e191b1bac6b3bf0c31aab42e5ca2e01a86ab5a0d2e08b75acf8585047a86221",
    "https://deno.land/std@0.200.0/path/extname.ts": "9b83c62fd16505739541f7a3ab447d8972da39dbf668d47af2f93206c2480893",
    "https://deno.land/std@0.200.0/path/from_file_url.ts": "a6221cfc928928ec4d9786d767dfac98fa2ab746af0786446c9834a07b98817e",
    "https://deno.land/std@0.200.0/path/join.ts": "4a2867ff2f3c81ffc9eb3d56dade16db6f8bd3854f269306d23dad4115089c84",
    "https://deno.land/std@0.200.0/path/relative.ts": "7db80c5035016174267da16321a742d76e875215c317859a383b12f413c6f5d6",
    "https://deno.land/std@0.200.0/path/resolve.ts": "103b62207726a27f28177f397008545804ecb20aaf00623af1f622b18cd80b9f",
    "https://deno.land/std@0.200.0/path/separator.ts": "0fb679739d0d1d7bf45b68dacfb4ec7563597a902edbaf3c59b50d5bcadd93b1",
    "https://deno.land/std@0.200.0/streams/byte_slice_stream.ts": "c46d7c74836fc8c1a9acd9fe211cbe1bbaaee1b36087c834fb03af4991135c3a",
    "https://deno.land/std@0.200.0/version.ts": "ae3fc7003d763c0d78f76fad04df179529d0aef813a247b4a3909e22adf6bfd1",
    "https://deno.land/x/http_fns@v0.0.27/cascade.ts": "1790cc5b667fd7edbbb2125b3428167c8876eadcfcfbacf70efb7e6456f214c8",
    "https://deno.land/x/http_fns@v0.0.27/fallback.ts": "a923f06e2aa79f92a1b03afbde52996ff86f274d4a6d7dcc91e9dda8440340e0",
    "https://deno.land/x/http_fns@v0.0.27/handle.ts": "26586b30ef292b43674a419d112f29cad9bbb18cb99deecb9ec20bef6ab89f1f",
    "https://deno.land/x/http_fns@v0.0.27/hosting/deploy.ts": "821fec8f91490ad8a69cf54ba5867751aa5c0725c55670d80df0f5e67dbd44b4",
    "https://deno.land/x/http_fns@v0.0.27/intercept.ts": "c018221041cac08ba75567291f7a79e9052cbf3a59516787f5311bc0b357b1c7",
    "https://deno.land/x/http_fns@v0.0.27/lazy.ts": "f0dc11a4f0ac624fa5d305a13e819cf1382b2ef5e6e02e7838c502cf769b164e",
    "https://deno.land/x/http_fns@v0.0.27/logger.ts": "606c9347e4bc62b036136e98506c70247272fa61b3b6d419ce1d5b2f1cfb30dd",
    "https://deno.land/x/http_fns@v0.0.27/map.ts": "7ca9d7e52a571ee504434c5d5bbb2d9c342b78fccb7cc0b8cb2342fdc25df13e",
    "https://deno.land/x/http_fns@v0.0.27/method.ts": "c9d1262867ef98cf40ac6af4aabe6dc49d0a54f06dd15f0e703564fbe0630d47",
    "https://deno.land/x/http_fns@v0.0.27/pattern.ts": "331561ebf35dbe15a6ea4f72507206f71336c16523dd48c2d7aceb2fd82b3b4d",
    "https://deno.land/x/http_fns@v0.0.27/request/body_as_object.ts": "bea74c497dae9c1d39c7cd104020d394ae2de4be861a3dda727bd827e84a31b6",
    "https://deno.land/x/http_fns@v0.0.27/request/search_values.ts": "a8dd92a7e3da538abbc8da7153a840c3f3c8658c9a867c9beec81c0602140007",
    "https://deno.land/x/http_fns@v0.0.27/response/bad_request.ts": "b34ba9c64ba00971add21b6a3d6f226283c91ec0b3e7b16f17cd277ca6b6db42",
    "https://deno.land/x/http_fns@v0.0.27/response/forbidden.ts": "08870d3fef6549e26560ce222483b112351870d3731381564b83072abb5e4672",
    "https://deno.land/x/http_fns@v0.0.27/response/method_not_allowed.ts": "28c5a181a88b8a187a8bbfe9688b68841dca02ae9e07f4e7f910ab15522d20c0",
    "https://deno.land/x/http_fns@v0.0.27/response/no_content.ts": "bf8b10b7c301e1d2aedafb33023a64b62e6294f76eca4d332f34aaffbc90c829",
    "https://deno.land/x/http_fns@v0.0.27/response/not_found.ts": "976749d3abd50008fb90ca056101603697ef845d534bbfc74bc8bec01c6b74b9",
    "https://deno.land/x/http_fns@v0.0.27/response/plain_error.ts": "0e1b332c4ab815f03273987a29572835aa884db13eeec2866b31ee292da90ef4",
    "https://deno.land/x/http_fns@v0.0.27/static.ts": "f870088fa73e797dbb8311b2eb885720f6ba79ecb32a981523464f45069f5e11",
    "https://deno.land/x/http_fns@v0.0.27/types.ts": "9ae699035a02014a548bafc031790b23850edea4651c0ed15e7ea06d7c1bad5e",
    "https://deno.land/x/http_render_fns@v0.0.6/render_html.tsx": "b54787f8b66a13ff0fe42a09736affb9a4641078748aece6b9a568156db5b668",
    "https://deno.land/x/jsx_stream@v0.0.12/_internal/awaited_props.ts": "13962458748e8a441b136c633114f976be2c42df66c4422b4c61e6dd8251da6e",
    "https://deno.land/x/jsx_stream@v0.0.12/_internal/defer.ts": "a61a82f73976e1cb8c44873cc7a24ae530186da13a592a9ee7c7a4462db54f5f",
    "https://deno.land/x/jsx_stream@v0.0.12/_internal/stream_component.ts": "4489891278404ed6de6fa0df74c665d531e38cab167c3c63e552a129a77ff5e0",
    "https://deno.land/x/jsx_stream@v0.0.12/_internal/stream_element.ts": "37951833354097447156d45ac289b35869240ee3901d75931e25f40b6c41418d",
    "https://deno.land/x/jsx_stream@v0.0.12/_internal/stream_fragment.ts": "065887be0a8ba4261eaabc0aee3c711ea4436291273c0f107eacaafe2b69cf27",
    "https://deno.land/x/jsx_stream@v0.0.12/_internal/stream_node.ts": "d247ec01c66d8c4cd0ad38915a49a2990043f5d016f7774e0ec62f275a2747d1",
    "https://deno.land/x/jsx_stream@v0.0.12/_internal/stream_unknown.ts": "dcf4e65a48572202d52607572dd5b3f5eae4f6fddbb8b816d533c2a9b4ce1cf5",
    "https://deno.land/x/jsx_stream@v0.0.12/_internal/token.ts": "f5ccd6d668b3cad15113ce370330b5d2f796848574af6a3270579414e6776e37",
    "https://deno.land/x/jsx_stream@v0.0.12/_internal/util.ts": "562547925032be238b9d3ee9ee2ee1c24596407b4810a6d0be2456823b060203",
    "https://deno.land/x/jsx_stream@v0.0.12/guards.ts": "3e5ce9fe6bdeec7cdc5c219e9acb3c0215f3bc22712b36b54b833796c7d8f166",
    "https://deno.land/x/jsx_stream@v0.0.12/jsx-runtime.ts": "ae0c2319474cd4359eb1788fe296502d18f137d385421114c2003844c9ed0b2d",
    "https://deno.land/x/jsx_stream@v0.0.12/serialize.ts": "7bebdaf27d96e6ebb61afdf9f8141625534b7500db7cf90438c95bd3ba7bbfc2",
    "https://deno.land/x/jsx_stream@v0.0.12/types.ts": "ea2b841aec2d06e95f240446b53df974ed2efb3884311a992530fd07db29226e"
  }
}
